
Microsoft Visual Studio Solution File, Format Version 12.00
# Visual Studio Version 16
VisualStudioVersion = 16.0.28803.202
MinimumVisualStudioVersion = 10.0.40219.1
Project("{9A19103F-16F7-4668-BE54-9A1E7A4F7556}") = "Dokumentenmanagement.Repository", "Dokumentenmanagement.Repository\Dokumentenmanagement.Repository.csproj", "{296C18E0-7924-4251-9BD7-5E5418FC72D7}"
EndProject
Project("{9A19103F-16F7-4668-BE54-9A1E7A4F7556}") = "Dokumentenmanagement.Shared.Model", "Dokumentenmanagement.Shared.Model\Dokumentenmanagement.Shared.Model.csproj", "{A7CFC40F-09FA-4DFA-AA63-64E4B7835725}"
EndProject
Project("{FAE04EC0-301F-11D3-BF4B-00C04F79EFBC}") = "Dokumentenmanagement.Api", "Dokumentenmanagement.Api\Dokumentenmanagement.Api.csproj", "{FE54B0D6-2339-4B65-8D2F-6938FBDE61F7}"
EndProject
Project("{FAE04EC0-301F-11D3-BF4B-00C04F79EFBC}") = "Dokumentenmanagement.Api.Model", "Dokumentenmanagement.Api.Model\Dokumentenmanagement.Api.Model.csproj", "{7CA9936A-7025-4839-B114-84E4422F9C84}"
EndProject
Global
	GlobalSection(SolutionConfigurationPlatforms) = preSolution
		Debug|Any CPU = Debug|Any CPU
		Release|Any CPU = Release|Any CPU
	EndGlobalSection
	GlobalSection(ProjectConfigurationPlatforms) = postSolution
		{296C18E0-7924-4251-9BD7-5E5418FC72D7}.Debug|Any CPU.ActiveCfg = Debug|Any CPU
		{296C18E0-7924-4251-9BD7-5E5418FC72D7}.Debug|Any CPU.Build.0 = Debug|Any CPU
		{296C18E0-7924-4251-9BD7-5E5418FC72D7}.Release|Any CPU.ActiveCfg = Release|Any CPU
		{296C18E0-7924-4251-9BD7-5E5418FC72D7}.Release|Any CPU.Build.0 = Release|Any CPU
		{A7CFC40F-09FA-4DFA-AA63-64E4B7835725}.Debug|Any CPU.ActiveCfg = Debug|Any CPU
		{A7CFC40F-09FA-4DFA-AA63-64E4B7835725}.Debug|Any CPU.Build.0 = Debug|Any CPU
		{A7CFC40F-09FA-4DFA-AA63-64E4B7835725}.Release|Any CPU.ActiveCfg = Release|Any CPU
		{A7CFC40F-09FA-4DFA-AA63-64E4B7835725}.Release|Any CPU.Build.0 = Release|Any CPU
		{FE54B0D6-2339-4B65-8D2F-6938FBDE61F7}.Debug|Any CPU.ActiveCfg = Debug|Any CPU
		{FE54B0D6-2339-4B65-8D2F-6938FBDE61F7}.Debug|Any CPU.Build.0 = Debug|Any CPU
		{FE54B0D6-2339-4B65-8D2F-6938FBDE61F7}.Release|Any CPU.ActiveCfg = Release|Any CPU
		{FE54B0D6-2339-4B65-8D2F-6938FBDE61F7}.Release|Any CPU.Build.0 = Release|Any CPU
		{7CA9936A-7025-4839-B114-84E4422F9C84}.Debug|Any CPU.ActiveCfg = Debug|Any CPU
		{7CA9936A-7025-4839-B114-84E4422F9C84}.Debug|Any CPU.Build.0 = Debug|Any CPU
		{7CA9936A-7025-4839-B114-84E4422F9C84}.Release|Any CPU.ActiveCfg = Release|Any CPU
		{7CA9936A-7025-4839-B114-84E4422F9C84}.Release|Any CPU.Build.0 = Release|Any CPU
	EndGlobalSection
	GlobalSection(SolutionProperties) = preSolution
		HideSolutionNode = FALSE
	EndGlobalSection
	GlobalSection(ExtensibilityGlobals) = postSolution
		SolutionGuid = {B5168387-0A69-4F85-9A6E-64278642B895}
	EndGlobalSection
EndGlobal
